
Microsoft Visual Studio Solution File, Format Version 12.00
# Visual Studio Version 17
VisualStudioVersion = 17.5.33530.505
MinimumVisualStudioVersion = 10.0.40219.1
Project("{FAE04EC0-301F-11D3-BF4B-00C04F79EFBC}") = "PhoneBook", "PhoneBook\PhoneBook.csproj", "{12014933-8B32-4E6A-9E0F-C6D0E5F5FD93}"
EndProject
Global
	GlobalSection(SolutionConfigurationPlatforms) = preSolution
		Debug|Any CPU = Debug|Any CPU
		Release|Any CPU = Release|Any CPU
	EndGlobalSection
	GlobalSection(ProjectConfigurationPlatforms) = postSolution
		{12014933-8B32-4E6A-9E0F-C6D0E5F5FD93}.Debug|Any CPU.ActiveCfg = Debug|Any CPU
		{12014933-8B32-4E6A-9E0F-C6D0E5F5FD93}.Debug|Any CPU.Build.0 = Debug|Any CPU
		{12014933-8B32-4E6A-9E0F-C6D0E5F5FD93}.Release|Any CPU.ActiveCfg = Release|Any CPU
		{12014933-8B32-4E6A-9E0F-C6D0E5F5FD93}.Release|Any CPU.Build.0 = Release|Any CPU
	EndGlobalSection
	GlobalSection(SolutionProperties) = preSolution
		HideSolutionNode = FALSE
	EndGlobalSection
	GlobalSection(ExtensibilityGlobals) = postSolution
		SolutionGuid = {5494462F-6D89-4642-9254-8D5329D977B3}
	EndGlobalSection
EndGlobal
